// !$*UTF8*$!
{
	archiveVersion = 1;
	classes = {
	};
	objectVersion = 46;
	objects = {

/* Begin PBXBuildFile section */
		7A39E8AA16F4DC7900983292 /* BreadthFirstSearch.cpp in Sources */ = {isa = PBXBuildFile; fileRef = 7A39E8A916F4DC7900983292 /* BreadthFirstSearch.cpp */; };
		7A39E8B416F4DF6E00983292 /* DepthFirstSearch.cpp in Sources */ = {isa = PBXBuildFile; fileRef = 7A39E8B216F4DF6E00983292 /* DepthFirstSearch.cpp */; };
		7A39E8B716F4E09600983292 /* TopologicalSort.cpp in Sources */ = {isa = PBXBuildFile; fileRef = 7A39E8B516F4E09600983292 /* TopologicalSort.cpp */; };
		7A39E8BA16F4E10300983292 /* ConnectedComponents.cpp in Sources */ = {isa = PBXBuildFile; fileRef = 7A39E8B816F4E10300983292 /* ConnectedComponents.cpp */; };
		7A39E8BD16F4E19800983292 /* StronglyConnectedComponents.cpp in Sources */ = {isa = PBXBuildFile; fileRef = 7A39E8BB16F4E19800983292 /* StronglyConnectedComponents.cpp */; };
		7A39E8C316F4E30B00983292 /* Bridge.cpp in Sources */ = {isa = PBXBuildFile; fileRef = 7A39E8C116F4E30B00983292 /* Bridge.cpp */; };
		7A39E8C616F4E3FE00983292 /* ArticulationPoints.cpp in Sources */ = {isa = PBXBuildFile; fileRef = 7A39E8C416F4E3FE00983292 /* ArticulationPoints.cpp */; };
		7A39E8C916F4E4BB00983292 /* OnlineBridge.cpp in Sources */ = {isa = PBXBuildFile; fileRef = 7A39E8C716F4E4BB00983292 /* OnlineBridge.cpp */; };
		7A39E8CC16F4E55600983292 /* Dijkstra.cpp in Sources */ = {isa = PBXBuildFile; fileRef = 7A39E8CA16F4E55600983292 /* Dijkstra.cpp */; };
		7A39E8CF16F4E5E000983292 /* DijkstraSparse.cpp in Sources */ = {isa = PBXBuildFile; fileRef = 7A39E8CD16F4E5E000983292 /* DijkstraSparse.cpp */; };
		7A39E8D216F4EC0A00983292 /* Prim.cpp in Sources */ = {isa = PBXBuildFile; fileRef = 7A39E8D016F4EC0A00983292 /* Prim.cpp */; };
		7A39E8D516F4EC5200983292 /* PrimSparse.cpp in Sources */ = {isa = PBXBuildFile; fileRef = 7A39E8D316F4EC5200983292 /* PrimSparse.cpp */; };
		7A39E8D816F4ED9C00983292 /* EulerianPath.cpp in Sources */ = {isa = PBXBuildFile; fileRef = 7A39E8D616F4ED9C00983292 /* EulerianPath.cpp */; };
/* End PBXBuildFile section */

/* Begin PBXCopyFilesBuildPhase section */
		7A39E8A416F4DC7900983292 /* CopyFiles */ = {
			isa = PBXCopyFilesBuildPhase;
			buildActionMask = 2147483647;
			dstPath = /usr/share/man/man1/;
			dstSubfolderSpec = 0;
			files = (
			);
			runOnlyForDeploymentPostprocessing = 1;
		};
/* End PBXCopyFilesBuildPhase section */

/* Begin PBXFileReference section */
		7A39E8A616F4DC7900983292 /* cgraph */ = {isa = PBXFileReference; explicitFileType = "compiled.mach-o.executable"; includeInIndex = 0; path = cgraph; sourceTree = BUILT_PRODUCTS_DIR; };
		7A39E8A916F4DC7900983292 /* BreadthFirstSearch.cpp */ = {isa = PBXFileReference; lastKnownFileType = sourcecode.cpp.cpp; path = BreadthFirstSearch.cpp; sourceTree = "<group>"; };
		7A39E8B216F4DF6E00983292 /* DepthFirstSearch.cpp */ = {isa = PBXFileReference; fileEncoding = 4; lastKnownFileType = sourcecode.cpp.cpp; path = DepthFirstSearch.cpp; sourceTree = "<group>"; };
		7A39E8B516F4E09600983292 /* TopologicalSort.cpp */ = {isa = PBXFileReference; fileEncoding = 4; lastKnownFileType = sourcecode.cpp.cpp; name = TopologicalSort.cpp; path = ../TopologicalSort.cpp; sourceTree = "<group>"; };
		7A39E8B816F4E10300983292 /* ConnectedComponents.cpp */ = {isa = PBXFileReference; fileEncoding = 4; lastKnownFileType = sourcecode.cpp.cpp; path = ConnectedComponents.cpp; sourceTree = "<group>"; };
		7A39E8BB16F4E19800983292 /* StronglyConnectedComponents.cpp */ = {isa = PBXFileReference; fileEncoding = 4; lastKnownFileType = sourcecode.cpp.cpp; path = StronglyConnectedComponents.cpp; sourceTree = "<group>"; };
		7A39E8C116F4E30B00983292 /* Bridge.cpp */ = {isa = PBXFileReference; fileEncoding = 4; lastKnownFileType = sourcecode.cpp.cpp; name = Bridge.cpp; path = ../Bridge.cpp; sourceTree = "<group>"; };
		7A39E8C416F4E3FE00983292 /* ArticulationPoints.cpp */ = {isa = PBXFileReference; fileEncoding = 4; lastKnownFileType = sourcecode.cpp.cpp; path = ArticulationPoints.cpp; sourceTree = "<group>"; };
		7A39E8C716F4E4BB00983292 /* OnlineBridge.cpp */ = {isa = PBXFileReference; fileEncoding = 4; lastKnownFileType = sourcecode.cpp.cpp; path = OnlineBridge.cpp; sourceTree = "<group>"; };
		7A39E8C816F4E4BB00983292 /* OnlineBridge.h */ = {isa = PBXFileReference; fileEncoding = 4; lastKnownFileType = sourcecode.c.h; path = OnlineBridge.h; sourceTree = "<group>"; };
		7A39E8CA16F4E55600983292 /* Dijkstra.cpp */ = {isa = PBXFileReference; fileEncoding = 4; lastKnownFileType = sourcecode.cpp.cpp; path = Dijkstra.cpp; sourceTree = "<group>"; };
		7A39E8CB16F4E55600983292 /* Dijkstra.h */ = {isa = PBXFileReference; fileEncoding = 4; lastKnownFileType = sourcecode.c.h; path = Dijkstra.h; sourceTree = "<group>"; };
		7A39E8CD16F4E5E000983292 /* DijkstraSparse.cpp */ = {isa = PBXFileReference; fileEncoding = 4; lastKnownFileType = sourcecode.cpp.cpp; path = DijkstraSparse.cpp; sourceTree = "<group>"; };
		7A39E8CE16F4E5E000983292 /* DijkstraSparse.h */ = {isa = PBXFileReference; fileEncoding = 4; lastKnownFileType = sourcecode.c.h; path = DijkstraSparse.h; sourceTree = "<group>"; };
		7A39E8D016F4EC0A00983292 /* Prim.cpp */ = {isa = PBXFileReference; fileEncoding = 4; lastKnownFileType = sourcecode.cpp.cpp; path = Prim.cpp; sourceTree = "<group>"; };
		7A39E8D116F4EC0A00983292 /* Prim.h */ = {isa = PBXFileReference; fileEncoding = 4; lastKnownFileType = sourcecode.c.h; path = Prim.h; sourceTree = "<group>"; };
		7A39E8D316F4EC5200983292 /* PrimSparse.cpp */ = {isa = PBXFileReference; fileEncoding = 4; lastKnownFileType = sourcecode.cpp.cpp; path = PrimSparse.cpp; sourceTree = "<group>"; };
		7A39E8D416F4EC5200983292 /* PrimSparse.h */ = {isa = PBXFileReference; fileEncoding = 4; lastKnownFileType = sourcecode.c.h; path = PrimSparse.h; sourceTree = "<group>"; };
		7A39E8D616F4ED9C00983292 /* EulerianPath.cpp */ = {isa = PBXFileReference; fileEncoding = 4; lastKnownFileType = sourcecode.cpp.cpp; path = EulerianPath.cpp; sourceTree = "<group>"; };
		7A39E8D716F4ED9C00983292 /* EulerianPath.h */ = {isa = PBXFileReference; fileEncoding = 4; lastKnownFileType = sourcecode.c.h; path = EulerianPath.h; sourceTree = "<group>"; };
/* End PBXFileReference section */

/* Begin PBXFrameworksBuildPhase section */
		7A39E8A316F4DC7900983292 /* Frameworks */ = {
			isa = PBXFrameworksBuildPhase;
			buildActionMask = 2147483647;
			files = (
			);
			runOnlyForDeploymentPostprocessing = 0;
		};
/* End PBXFrameworksBuildPhase section */

/* Begin PBXGroup section */
		7A39E89D16F4DC7900983292 = {
			isa = PBXGroup;
			children = (
				7A39E8A816F4DC7900983292 /* cgraph */,
				7A39E8A716F4DC7900983292 /* Products */,
			);
			sourceTree = "<group>";
		};
		7A39E8A716F4DC7900983292 /* Products */ = {
			isa = PBXGroup;
			children = (
				7A39E8A616F4DC7900983292 /* cgraph */,
			);
			name = Products;
			sourceTree = "<group>";
		};
		7A39E8A816F4DC7900983292 /* cgraph */ = {
			isa = PBXGroup;
			children = (
				7A39E8C116F4E30B00983292 /* Bridge.cpp */,
				7A39E8C416F4E3FE00983292 /* ArticulationPoints.cpp */,
				7A39E8C716F4E4BB00983292 /* OnlineBridge.cpp */,
				7A39E8C816F4E4BB00983292 /* OnlineBridge.h */,
				7A39E8CA16F4E55600983292 /* Dijkstra.cpp */,
				7A39E8CB16F4E55600983292 /* Dijkstra.h */,
				7A39E8CD16F4E5E000983292 /* DijkstraSparse.cpp */,
				7A39E8CE16F4E5E000983292 /* DijkstraSparse.h */,
				7A39E8B516F4E09600983292 /* TopologicalSort.cpp */,
				7A39E8D616F4ED9C00983292 /* EulerianPath.cpp */,
				7A39E8D716F4ED9C00983292 /* EulerianPath.h */,
				7A39E8A916F4DC7900983292 /* BreadthFirstSearch.cpp */,
				7A39E8B216F4DF6E00983292 /* DepthFirstSearch.cpp */,
				7A39E8B816F4E10300983292 /* ConnectedComponents.cpp */,
				7A39E8BB16F4E19800983292 /* StronglyConnectedComponents.cpp */,
				7A39E8D016F4EC0A00983292 /* Prim.cpp */,
				7A39E8D116F4EC0A00983292 /* Prim.h */,
				7A39E8D316F4EC5200983292 /* PrimSparse.cpp */,
				7A39E8D416F4EC5200983292 /* PrimSparse.h */,
			);
			path = cgraph;
			sourceTree = "<group>";
		};
/* End PBXGroup section */

/* Begin PBXNativeTarget section */
		7A39E8A516F4DC7900983292 /* cgraph */ = {
			isa = PBXNativeTarget;
			buildConfigurationList = 7A39E8AF16F4DC7900983292 /* Build configuration list for PBXNativeTarget "cgraph" */;
			buildPhases = (
				7A39E8A216F4DC7900983292 /* Sources */,
				7A39E8A316F4DC7900983292 /* Frameworks */,
				7A39E8A416F4DC7900983292 /* CopyFiles */,
			);
			buildRules = (
			);
			dependencies = (
			);
			name = cgraph;
			productName = cgraph;
			productReference = 7A39E8A616F4DC7900983292 /* cgraph */;
			productType = "com.apple.product-type.tool";
		};
/* End PBXNativeTarget section */

/* Begin PBXProject section */
		7A39E89E16F4DC7900983292 /* Project object */ = {
			isa = PBXProject;
			attributes = {
				LastUpgradeCheck = 0460;
				ORGANIZATIONNAME = "Sidhanth Venkatasubramaniam";
			};
			buildConfigurationList = 7A39E8A116F4DC7900983292 /* Build configuration list for PBXProject "cgraph" */;
			compatibilityVersion = "Xcode 3.2";
			developmentRegion = English;
			hasScannedForEncodings = 0;
			knownRegions = (
				en,
			);
			mainGroup = 7A39E89D16F4DC7900983292;
			productRefGroup = 7A39E8A716F4DC7900983292 /* Products */;
			projectDirPath = "";
			projectRoot = "";
			targets = (
				7A39E8A516F4DC7900983292 /* cgraph */,
			);
		};
/* End PBXProject section */

/* Begin PBXSourcesBuildPhase section */
		7A39E8A216F4DC7900983292 /* Sources */ = {
			isa = PBXSourcesBuildPhase;
			buildActionMask = 2147483647;
			files = (
				7A39E8AA16F4DC7900983292 /* BreadthFirstSearch.cpp in Sources */,
				7A39E8B416F4DF6E00983292 /* DepthFirstSearch.cpp in Sources */,
				7A39E8B716F4E09600983292 /* TopologicalSort.cpp in Sources */,
				7A39E8BA16F4E10300983292 /* ConnectedComponents.cpp in Sources */,
				7A39E8BD16F4E19800983292 /* StronglyConnectedComponents.cpp in Sources */,
				7A39E8C316F4E30B00983292 /* Bridge.cpp in Sources */,
				7A39E8C616F4E3FE00983292 /* ArticulationPoints.cpp in Sources */,
				7A39E8C916F4E4BB00983292 /* OnlineBridge.cpp in Sources */,
				7A39E8CC16F4E55600983292 /* Dijkstra.cpp in Sources */,
				7A39E8CF16F4E5E000983292 /* DijkstraSparse.cpp in Sources */,
				7A39E8D216F4EC0A00983292 /* Prim.cpp in Sources */,
				7A39E8D516F4EC5200983292 /* PrimSparse.cpp in Sources */,
				7A39E8D816F4ED9C00983292 /* EulerianPath.cpp in Sources */,
			);
			runOnlyForDeploymentPostprocessing = 0;
		};
/* End PBXSourcesBuildPhase section */

/* Begin XCBuildConfiguration section */
		7A39E8AD16F4DC7900983292 /* Debug */ = {
			isa = XCBuildConfiguration;
			buildSettings = {
				ALWAYS_SEARCH_USER_PATHS = NO;
				ARCHS = "$(ARCHS_STANDARD_64_BIT)";
				CLANG_CXX_LANGUAGE_STANDARD = "gnu++0x";
				CLANG_CXX_LIBRARY = "libc++";
				CLANG_ENABLE_OBJC_ARC = YES;
				CLANG_WARN_CONSTANT_CONVERSION = YES;
				CLANG_WARN_EMPTY_BODY = YES;
				CLANG_WARN_ENUM_CONVERSION = YES;
				CLANG_WARN_INT_CONVERSION = YES;
				CLANG_WARN__DUPLICATE_METHOD_MATCH = YES;
				COPY_PHASE_STRIP = NO;
				GCC_C_LANGUAGE_STANDARD = gnu99;
				GCC_DYNAMIC_NO_PIC = NO;
				GCC_ENABLE_OBJC_EXCEPTIONS = YES;
				GCC_OPTIMIZATION_LEVEL = 0;
				GCC_PREPROCESSOR_DEFINITIONS = (
					"DEBUG=1",
					"$(inherited)",
				);
				GCC_SYMBOLS_PRIVATE_EXTERN = NO;
				GCC_WARN_64_TO_32_BIT_CONVERSION = YES;
				GCC_WARN_ABOUT_RETURN_TYPE = YES;
				GCC_WARN_UNINITIALIZED_AUTOS = YES;
				GCC_WARN_UNUSED_VARIABLE = YES;
				MACOSX_DEPLOYMENT_TARGET = 10.8;
				ONLY_ACTIVE_ARCH = YES;
				SDKROOT = macosx;
			};
			name = Debug;
		};
		7A39E8AE16F4DC7900983292 /* Release */ = {
			isa = XCBuildConfiguration;
			buildSettings = {
				ALWAYS_SEARCH_USER_PATHS = NO;
				ARCHS = "$(ARCHS_STANDARD_64_BIT)";
				CLANG_CXX_LANGUAGE_STANDARD = "gnu++0x";
				CLANG_CXX_LIBRARY = "libc++";
				CLANG_ENABLE_OBJC_ARC = YES;
				CLANG_WARN_CONSTANT_CONVERSION = YES;
				CLANG_WARN_EMPTY_BODY = YES;
				CLANG_WARN_ENUM_CONVERSION = YES;
				CLANG_WARN_INT_CONVERSION = YES;
				CLANG_WARN__DUPLICATE_METHOD_MATCH = YES;
				COPY_PHASE_STRIP = YES;
				DEBUG_INFORMATION_FORMAT = "dwarf-with-dsym";
				GCC_C_LANGUAGE_STANDARD = gnu99;
				GCC_ENABLE_OBJC_EXCEPTIONS = YES;
				GCC_WARN_64_TO_32_BIT_CONVERSION = YES;
				GCC_WARN_ABOUT_RETURN_TYPE = YES;
				GCC_WARN_UNINITIALIZED_AUTOS = YES;
				GCC_WARN_UNUSED_VARIABLE = YES;
				MACOSX_DEPLOYMENT_TARGET = 10.8;
				SDKROOT = macosx;
			};
			name = Release;
		};
		7A39E8B016F4DC7900983292 /* Debug */ = {
			isa = XCBuildConfiguration;
			buildSettings = {
				PRODUCT_NAME = "$(TARGET_NAME)";
			};
			name = Debug;
		};
		7A39E8B116F4DC7900983292 /* Release */ = {
			isa = XCBuildConfiguration;
			buildSettings = {
				PRODUCT_NAME = "$(TARGET_NAME)";
			};
			name = Release;
		};
/* End XCBuildConfiguration section */

/* Begin XCConfigurationList section */
		7A39E8A116F4DC7900983292 /* Build configuration list for PBXProject "cgraph" */ = {
			isa = XCConfigurationList;
			buildConfigurations = (
				7A39E8AD16F4DC7900983292 /* Debug */,
				7A39E8AE16F4DC7900983292 /* Release */,
			);
			defaultConfigurationIsVisible = 0;
			defaultConfigurationName = Release;
		};
		7A39E8AF16F4DC7900983292 /* Build configuration list for PBXNativeTarget "cgraph" */ = {
			isa = XCConfigurationList;
			buildConfigurations = (
				7A39E8B016F4DC7900983292 /* Debug */,
				7A39E8B116F4DC7900983292 /* Release */,
			);
			defaultConfigurationIsVisible = 0;
			defaultConfigurationName = Release;
		};
/* End XCConfigurationList section */
	};
	rootObject = 7A39E89E16F4DC7900983292 /* Project object */;
}
